// !$*UTF8*$!
{
	archiveVersion = 1;
	classes = {
	};
	objectVersion = 56;
	objects = {

/* Begin PBXBuildFile section */
		0202E4212A675CF700BE651C /* HTTPClient.swift in Sources */ = {isa = PBXBuildFile; fileRef = 0202E4202A675CF700BE651C /* HTTPClient.swift */; };
		0202E4232A675D4900BE651C /* FeedItemsMapper.swift in Sources */ = {isa = PBXBuildFile; fileRef = 0202E4222A675D4900BE651C /* FeedItemsMapper.swift */; };
		021936812ADE1DB6009B95FF /* FeedCachepolicy.swift in Sources */ = {isa = PBXBuildFile; fileRef = 021936802ADE1DB6009B95FF /* FeedCachepolicy.swift */; };
		022B1DF72B29075300FCD6D0 /* FeedCacheTestHelpers.swift in Sources */ = {isa = PBXBuildFile; fileRef = 02C009E82AC522F500F06C7D /* FeedCacheTestHelpers.swift */; };
		022B1DF82B29076D00FCD6D0 /* SharedTestHelpers.swift in Sources */ = {isa = PBXBuildFile; fileRef = 02C009EA2AC5243100F06C7D /* SharedTestHelpers.swift */; };
		0254495B2A78A188005C6875 /* URLSessionHTTPClient.swift in Sources */ = {isa = PBXBuildFile; fileRef = 0254495A2A78A188005C6875 /* URLSessionHTTPClient.swift */; };
		02585BAD2B2A29EC00D0ECE0 /* EsseintialFeedIOS.framework in Frameworks */ = {isa = PBXBuildFile; fileRef = 02585BA52B2A29EA00D0ECE0 /* EsseintialFeedIOS.framework */; };
		02781A542A5E324F004D8195 /* EssentialFeed.h in Headers */ = {isa = PBXBuildFile; fileRef = 02781A532A5E324F004D8195 /* EssentialFeed.h */; settings = {ATTRIBUTES = (Public, ); }; };
		02781A5B2A5E328B004D8195 /* FeedImage.swift in Sources */ = {isa = PBXBuildFile; fileRef = 02781A5A2A5E328B004D8195 /* FeedImage.swift */; };
		02781A5D2A5E376D004D8195 /* FeedLoader.swift in Sources */ = {isa = PBXBuildFile; fileRef = 02781A5C2A5E376D004D8195 /* FeedLoader.swift */; };
		02781A752A5E3A11004D8195 /* EssentialFeed.framework in Frameworks */ = {isa = PBXBuildFile; fileRef = 02781A502A5E324F004D8195 /* EssentialFeed.framework */; };
		02781A7C2A5E3ACB004D8195 /* RemoteFeedLoaderTests.swift in Sources */ = {isa = PBXBuildFile; fileRef = 02781A7B2A5E3ACB004D8195 /* RemoteFeedLoaderTests.swift */; };
		02781A7F2A5E460D004D8195 /* RemoteFeedLoader.swift in Sources */ = {isa = PBXBuildFile; fileRef = 02781A7E2A5E460D004D8195 /* RemoteFeedLoader.swift */; };
		0281BB662A78864000A3F3DA /* XCTTestCase+MemoryLeakTracker.swift in Sources */ = {isa = PBXBuildFile; fileRef = 0281BB652A78864000A3F3DA /* XCTTestCase+MemoryLeakTracker.swift */; };
		02876F962AAAD21A00E46E68 /* LocalFeedLoader.swift in Sources */ = {isa = PBXBuildFile; fileRef = 02876F952AAAD21A00E46E68 /* LocalFeedLoader.swift */; };
		02876F982AAAD28300E46E68 /* FeedStore.swift in Sources */ = {isa = PBXBuildFile; fileRef = 02876F972AAAD28300E46E68 /* FeedStore.swift */; };
		02876F9A2AB2AD6C00E46E68 /* RemoteFeedItem.swift in Sources */ = {isa = PBXBuildFile; fileRef = 02876F992AB2AD6C00E46E68 /* RemoteFeedItem.swift */; };
		02876F9C2AB2ADB500E46E68 /* LocalFeedImage.swift in Sources */ = {isa = PBXBuildFile; fileRef = 02876F9B2AB2ADB500E46E68 /* LocalFeedImage.swift */; };
		02876F9E2AB3F1B300E46E68 /* LoadFeedFromCacheUseCaseTest.swift in Sources */ = {isa = PBXBuildFile; fileRef = 02876F9D2AB3F1B300E46E68 /* LoadFeedFromCacheUseCaseTest.swift */; };
		02876FA12AB3F2DB00E46E68 /* FeedStoreSpy.swift in Sources */ = {isa = PBXBuildFile; fileRef = 02876FA02AB3F2DB00E46E68 /* FeedStoreSpy.swift */; };
		028BB57C2B2A526B00C03759 /* FeedViewControllerTests.swift in Sources */ = {isa = PBXBuildFile; fileRef = 028BB57B2B2A526B00C03759 /* FeedViewControllerTests.swift */; };
		028BB57E2B2A579100C03759 /* EssentialFeed.framework in Frameworks */ = {isa = PBXBuildFile; fileRef = 02781A502A5E324F004D8195 /* EssentialFeed.framework */; platformFilter = ios; };
		028BB5832B2A74DF00C03759 /* XCTTestCase+MemoryLeakTracker.swift in Sources */ = {isa = PBXBuildFile; fileRef = 0281BB652A78864000A3F3DA /* XCTTestCase+MemoryLeakTracker.swift */; };
		028CC41B2B28FE3500AE225F /* CoreDataHelpers.swift in Sources */ = {isa = PBXBuildFile; fileRef = 028CC41A2B28FE3500AE225F /* CoreDataHelpers.swift */; };
		028CC41D2B28FEAD00AE225F /* ManagedCache.swift in Sources */ = {isa = PBXBuildFile; fileRef = 028CC41C2B28FEAD00AE225F /* ManagedCache.swift */; };
		028CC41F2B28FED900AE225F /* ManagedFeedImage.swift in Sources */ = {isa = PBXBuildFile; fileRef = 028CC41E2B28FED900AE225F /* ManagedFeedImage.swift */; };
		028CC4272B29014F00AE225F /* EssentialFeedCacheIntegrationTests.swift in Sources */ = {isa = PBXBuildFile; fileRef = 028CC4262B29014F00AE225F /* EssentialFeedCacheIntegrationTests.swift */; };
		028CC4282B29014F00AE225F /* EssentialFeed.framework in Frameworks */ = {isa = PBXBuildFile; fileRef = 02781A502A5E324F004D8195 /* EssentialFeed.framework */; };
		028CC42F2B29060E00AE225F /* XCTTestCase+MemoryLeakTracker.swift in Sources */ = {isa = PBXBuildFile; fileRef = 0281BB652A78864000A3F3DA /* XCTTestCase+MemoryLeakTracker.swift */; };
		0292D9ED2B277C3A00D7C249 /* CodableFeedStore.swift in Sources */ = {isa = PBXBuildFile; fileRef = 0292D9EC2B277C3A00D7C249 /* CodableFeedStore.swift */; };
		0292D9EF2B278C7E00D7C249 /* FeedStoreSpecs.swift in Sources */ = {isa = PBXBuildFile; fileRef = 0292D9EE2B278C7E00D7C249 /* FeedStoreSpecs.swift */; };
		0292D9F12B28CA5600D7C249 /* CoreDataFeedStoreTests.swift in Sources */ = {isa = PBXBuildFile; fileRef = 0292D9F02B28CA5600D7C249 /* CoreDataFeedStoreTests.swift */; };
		0292D9F32B28CF9100D7C249 /* XCTestCase+FeedStoreSpecs.swift in Sources */ = {isa = PBXBuildFile; fileRef = 0292D9F22B28CF9100D7C249 /* XCTestCase+FeedStoreSpecs.swift */; };
		0292D9F62B28D69E00D7C249 /* XCTest+FailableRetrieveFeedStoreSpecs.swift in Sources */ = {isa = PBXBuildFile; fileRef = 0292D9F52B28D69E00D7C249 /* XCTest+FailableRetrieveFeedStoreSpecs.swift */; };
		0292D9F82B28D78200D7C249 /* XCTestCase+FailableInsertFeedStoreSpecs.swift in Sources */ = {isa = PBXBuildFile; fileRef = 0292D9F72B28D78200D7C249 /* XCTestCase+FailableInsertFeedStoreSpecs.swift */; };
		0292D9FA2B28D81700D7C249 /* XCTestCase+FailableDeleteFeedStoreSpecs.swift in Sources */ = {isa = PBXBuildFile; fileRef = 0292D9F92B28D81700D7C249 /* XCTestCase+FailableDeleteFeedStoreSpecs.swift */; };
		0292D9FC2B28E52800D7C249 /* CoreDataFeedStore.swift in Sources */ = {isa = PBXBuildFile; fileRef = 0292D9FB2B28E52800D7C249 /* CoreDataFeedStore.swift */; };
		0292D9FF2B28EAC800D7C249 /* FeedStore.xcdatamodeld in Sources */ = {isa = PBXBuildFile; fileRef = 0292D9FD2B28EAC800D7C249 /* FeedStore.xcdatamodeld */; };
		02A81D6F2A79DDC000C2B2E5 /* EssentialFeedAPIEndToEndTests.swift in Sources */ = {isa = PBXBuildFile; fileRef = 02A81D6E2A79DDC000C2B2E5 /* EssentialFeedAPIEndToEndTests.swift */; };
		02A81D702A79DDC000C2B2E5 /* EssentialFeed.framework in Frameworks */ = {isa = PBXBuildFile; fileRef = 02781A502A5E324F004D8195 /* EssentialFeed.framework */; };
		02A81D762A79E92300C2B2E5 /* XCTTestCase+MemoryLeakTracker.swift in Sources */ = {isa = PBXBuildFile; fileRef = 0281BB652A78864000A3F3DA /* XCTTestCase+MemoryLeakTracker.swift */; };
		02C009E92AC522F500F06C7D /* FeedCacheTestHelpers.swift in Sources */ = {isa = PBXBuildFile; fileRef = 02C009E82AC522F500F06C7D /* FeedCacheTestHelpers.swift */; };
		02C009EB2AC5243100F06C7D /* SharedTestHelpers.swift in Sources */ = {isa = PBXBuildFile; fileRef = 02C009EA2AC5243100F06C7D /* SharedTestHelpers.swift */; };
		02C1D5E32A6893A10079E5FC /* URLSessionHTTPClientTests.swift in Sources */ = {isa = PBXBuildFile; fileRef = 02C1D5E22A6893A10079E5FC /* URLSessionHTTPClientTests.swift */; };
		02DED2132AA96F5000F32F0E /* CacheFeedUseCaseTests.swift in Sources */ = {isa = PBXBuildFile; fileRef = 02DED2122AA96F5000F32F0E /* CacheFeedUseCaseTests.swift */; };
		02F10E8C2B2B6349000272F6 /* FeedViewController.swift in Sources */ = {isa = PBXBuildFile; fileRef = 02F10E8B2B2B6349000272F6 /* FeedViewController.swift */; };
		02F10E8E2B2B65E5000272F6 /* FeedImageCell.swift in Sources */ = {isa = PBXBuildFile; fileRef = 02F10E8D2B2B65E5000272F6 /* FeedImageCell.swift */; };
		02F9B5132AC51C4700B307F9 /* ValidateFeedCacheUseCaseTests.swift in Sources */ = {isa = PBXBuildFile; fileRef = 02F9B5122AC51C4700B307F9 /* ValidateFeedCacheUseCaseTests.swift */; };
		02FA2D3D2AE0BD4E00F8D94B /* CodableFeedStoreTests.swift in Sources */ = {isa = PBXBuildFile; fileRef = 02FA2D3C2AE0BD4E00F8D94B /* CodableFeedStoreTests.swift */; };
/* End PBXBuildFile section */

/* Begin PBXContainerItemProxy section */
		02585BAE2B2A29EC00D0ECE0 /* PBXContainerItemProxy */ = {
			isa = PBXContainerItemProxy;
			containerPortal = 02781A472A5E324F004D8195 /* Project object */;
			proxyType = 1;
			remoteGlobalIDString = 02585BA42B2A29EA00D0ECE0;
			remoteInfo = EsseintialFeedIOS;
		};
		02781A762A5E3A11004D8195 /* PBXContainerItemProxy */ = {
			isa = PBXContainerItemProxy;
			containerPortal = 02781A472A5E324F004D8195 /* Project object */;
			proxyType = 1;
			remoteGlobalIDString = 02781A4F2A5E324F004D8195;
			remoteInfo = EssentialFeed;
		};
		028BB5802B2A579100C03759 /* PBXContainerItemProxy */ = {
			isa = PBXContainerItemProxy;
			containerPortal = 02781A472A5E324F004D8195 /* Project object */;
			proxyType = 1;
			remoteGlobalIDString = 02781A4F2A5E324F004D8195;
			remoteInfo = EssentialFeed;
		};
		028CC4292B29014F00AE225F /* PBXContainerItemProxy */ = {
			isa = PBXContainerItemProxy;
			containerPortal = 02781A472A5E324F004D8195 /* Project object */;
			proxyType = 1;
			remoteGlobalIDString = 02781A4F2A5E324F004D8195;
			remoteInfo = EssentialFeed;
		};
		02A81D712A79DDC000C2B2E5 /* PBXContainerItemProxy */ = {
			isa = PBXContainerItemProxy;
			containerPortal = 02781A472A5E324F004D8195 /* Project object */;
			proxyType = 1;
			remoteGlobalIDString = 02781A4F2A5E324F004D8195;
			remoteInfo = EssentialFeed;
		};
/* End PBXContainerItemProxy section */

/* Begin PBXFileReference section */
		0202E4202A675CF700BE651C /* HTTPClient.swift */ = {isa = PBXFileReference; lastKnownFileType = sourcecode.swift; path = HTTPClient.swift; sourceTree = "<group>"; };
		0202E4222A675D4900BE651C /* FeedItemsMapper.swift */ = {isa = PBXFileReference; lastKnownFileType = sourcecode.swift; path = FeedItemsMapper.swift; sourceTree = "<group>"; };
		0206CBCF2A7B40E50081A424 /* EssentialFeed.xctestplan */ = {isa = PBXFileReference; lastKnownFileType = text; path = EssentialFeed.xctestplan; sourceTree = "<group>"; };
		021936802ADE1DB6009B95FF /* FeedCachepolicy.swift */ = {isa = PBXFileReference; lastKnownFileType = sourcecode.swift; path = FeedCachepolicy.swift; sourceTree = "<group>"; };
		0254495A2A78A188005C6875 /* URLSessionHTTPClient.swift */ = {isa = PBXFileReference; lastKnownFileType = sourcecode.swift; path = URLSessionHTTPClient.swift; sourceTree = "<group>"; };
		02585BA52B2A29EA00D0ECE0 /* EsseintialFeedIOS.framework */ = {isa = PBXFileReference; explicitFileType = wrapper.framework; includeInIndex = 0; path = EsseintialFeedIOS.framework; sourceTree = BUILT_PRODUCTS_DIR; };
		02585BAC2B2A29EC00D0ECE0 /* EsseintialFeedIOSTests.xctest */ = {isa = PBXFileReference; explicitFileType = wrapper.cfbundle; includeInIndex = 0; path = EsseintialFeedIOSTests.xctest; sourceTree = BUILT_PRODUCTS_DIR; };
		02585BBA2B2A2AC400D0ECE0 /* EsseintialFeedIOS.xctestplan */ = {isa = PBXFileReference; lastKnownFileType = text; path = EsseintialFeedIOS.xctestplan; sourceTree = "<group>"; };
		02781A502A5E324F004D8195 /* EssentialFeed.framework */ = {isa = PBXFileReference; explicitFileType = wrapper.framework; includeInIndex = 0; path = EssentialFeed.framework; sourceTree = BUILT_PRODUCTS_DIR; };
		02781A532A5E324F004D8195 /* EssentialFeed.h */ = {isa = PBXFileReference; lastKnownFileType = sourcecode.c.h; path = EssentialFeed.h; sourceTree = "<group>"; };
		02781A5A2A5E328B004D8195 /* FeedImage.swift */ = {isa = PBXFileReference; lastKnownFileType = sourcecode.swift; path = FeedImage.swift; sourceTree = "<group>"; };
		02781A5C2A5E376D004D8195 /* FeedLoader.swift */ = {isa = PBXFileReference; lastKnownFileType = sourcecode.swift; path = FeedLoader.swift; sourceTree = "<group>"; };
		02781A712A5E3A11004D8195 /* EssentialFeedTests.xctest */ = {isa = PBXFileReference; explicitFileType = wrapper.cfbundle; includeInIndex = 0; path = EssentialFeedTests.xctest; sourceTree = BUILT_PRODUCTS_DIR; };
		02781A7B2A5E3ACB004D8195 /* RemoteFeedLoaderTests.swift */ = {isa = PBXFileReference; lastKnownFileType = sourcecode.swift; path = RemoteFeedLoaderTests.swift; sourceTree = "<group>"; };
		02781A7E2A5E460D004D8195 /* RemoteFeedLoader.swift */ = {isa = PBXFileReference; lastKnownFileType = sourcecode.swift; path = RemoteFeedLoader.swift; sourceTree = "<group>"; };
		0281BB652A78864000A3F3DA /* XCTTestCase+MemoryLeakTracker.swift */ = {isa = PBXFileReference; lastKnownFileType = sourcecode.swift; path = "XCTTestCase+MemoryLeakTracker.swift"; sourceTree = "<group>"; };
		02876F952AAAD21A00E46E68 /* LocalFeedLoader.swift */ = {isa = PBXFileReference; lastKnownFileType = sourcecode.swift; path = LocalFeedLoader.swift; sourceTree = "<group>"; };
		02876F972AAAD28300E46E68 /* FeedStore.swift */ = {isa = PBXFileReference; lastKnownFileType = sourcecode.swift; path = FeedStore.swift; sourceTree = "<group>"; };
		02876F992AB2AD6C00E46E68 /* RemoteFeedItem.swift */ = {isa = PBXFileReference; lastKnownFileType = sourcecode.swift; path = RemoteFeedItem.swift; sourceTree = "<group>"; };
		02876F9B2AB2ADB500E46E68 /* LocalFeedImage.swift */ = {isa = PBXFileReference; lastKnownFileType = sourcecode.swift; path = LocalFeedImage.swift; sourceTree = "<group>"; };
		02876F9D2AB3F1B300E46E68 /* LoadFeedFromCacheUseCaseTest.swift */ = {isa = PBXFileReference; lastKnownFileType = sourcecode.swift; path = LoadFeedFromCacheUseCaseTest.swift; sourceTree = "<group>"; };
		02876FA02AB3F2DB00E46E68 /* FeedStoreSpy.swift */ = {isa = PBXFileReference; lastKnownFileType = sourcecode.swift; path = FeedStoreSpy.swift; sourceTree = "<group>"; };
		028BB5772B2A3C6500C03759 /* CI_IOS.xctestplan */ = {isa = PBXFileReference; lastKnownFileType = text; path = CI_IOS.xctestplan; sourceTree = "<group>"; };
		028BB5782B2A3CA200C03759 /* EssentialFeedCacheIntegrationTests.xctestplan */ = {isa = PBXFileReference; lastKnownFileType = text; path = EssentialFeedCacheIntegrationTests.xctestplan; sourceTree = "<group>"; };
		028BB5792B2A3D6700C03759 /* EssentialFeedTests.xctestplan */ = {isa = PBXFileReference; lastKnownFileType = text; path = EssentialFeedTests.xctestplan; sourceTree = "<group>"; };
		028BB57A2B2A3E8A00C03759 /* EssentialFeedAPIEndToEndTests.xctestplan */ = {isa = PBXFileReference; lastKnownFileType = text; path = EssentialFeedAPIEndToEndTests.xctestplan; sourceTree = "<group>"; };
		028BB57B2B2A526B00C03759 /* FeedViewControllerTests.swift */ = {isa = PBXFileReference; lastKnownFileType = sourcecode.swift; path = FeedViewControllerTests.swift; sourceTree = "<group>"; };
		028CC41A2B28FE3500AE225F /* CoreDataHelpers.swift */ = {isa = PBXFileReference; lastKnownFileType = sourcecode.swift; path = CoreDataHelpers.swift; sourceTree = "<group>"; };
		028CC41C2B28FEAD00AE225F /* ManagedCache.swift */ = {isa = PBXFileReference; lastKnownFileType = sourcecode.swift; path = ManagedCache.swift; sourceTree = "<group>"; };
		028CC41E2B28FED900AE225F /* ManagedFeedImage.swift */ = {isa = PBXFileReference; lastKnownFileType = sourcecode.swift; path = ManagedFeedImage.swift; sourceTree = "<group>"; };
		028CC4242B29014F00AE225F /* EssentialFeedCacheIntegrationTests.xctest */ = {isa = PBXFileReference; explicitFileType = wrapper.cfbundle; includeInIndex = 0; path = EssentialFeedCacheIntegrationTests.xctest; sourceTree = BUILT_PRODUCTS_DIR; };
		028CC4262B29014F00AE225F /* EssentialFeedCacheIntegrationTests.swift */ = {isa = PBXFileReference; lastKnownFileType = sourcecode.swift; path = EssentialFeedCacheIntegrationTests.swift; sourceTree = "<group>"; };
		029225412A7A1D3C007392F9 /* CI_macOS.xctestplan */ = {isa = PBXFileReference; lastKnownFileType = text; path = CI_macOS.xctestplan; sourceTree = "<group>"; };
		0292D9EC2B277C3A00D7C249 /* CodableFeedStore.swift */ = {isa = PBXFileReference; lastKnownFileType = sourcecode.swift; path = CodableFeedStore.swift; sourceTree = "<group>"; };
		0292D9EE2B278C7E00D7C249 /* FeedStoreSpecs.swift */ = {isa = PBXFileReference; lastKnownFileType = sourcecode.swift; path = FeedStoreSpecs.swift; sourceTree = "<group>"; };
		0292D9F02B28CA5600D7C249 /* CoreDataFeedStoreTests.swift */ = {isa = PBXFileReference; lastKnownFileType = sourcecode.swift; path = CoreDataFeedStoreTests.swift; sourceTree = "<group>"; };
		0292D9F22B28CF9100D7C249 /* XCTestCase+FeedStoreSpecs.swift */ = {isa = PBXFileReference; lastKnownFileType = sourcecode.swift; path = "XCTestCase+FeedStoreSpecs.swift"; sourceTree = "<group>"; };
		0292D9F52B28D69E00D7C249 /* XCTest+FailableRetrieveFeedStoreSpecs.swift */ = {isa = PBXFileReference; lastKnownFileType = sourcecode.swift; path = "XCTest+FailableRetrieveFeedStoreSpecs.swift"; sourceTree = "<group>"; };
		0292D9F72B28D78200D7C249 /* XCTestCase+FailableInsertFeedStoreSpecs.swift */ = {isa = PBXFileReference; lastKnownFileType = sourcecode.swift; path = "XCTestCase+FailableInsertFeedStoreSpecs.swift"; sourceTree = "<group>"; };
		0292D9F92B28D81700D7C249 /* XCTestCase+FailableDeleteFeedStoreSpecs.swift */ = {isa = PBXFileReference; lastKnownFileType = sourcecode.swift; path = "XCTestCase+FailableDeleteFeedStoreSpecs.swift"; sourceTree = "<group>"; };
		0292D9FB2B28E52800D7C249 /* CoreDataFeedStore.swift */ = {isa = PBXFileReference; lastKnownFileType = sourcecode.swift; path = CoreDataFeedStore.swift; sourceTree = "<group>"; };
		0292D9FE2B28EAC800D7C249 /* FeedStore.xcdatamodel */ = {isa = PBXFileReference; lastKnownFileType = wrapper.xcdatamodel; path = FeedStore.xcdatamodel; sourceTree = "<group>"; };
		02A81D6C2A79DDC000C2B2E5 /* EssentialFeedAPIEndToEndTests.xctest */ = {isa = PBXFileReference; explicitFileType = wrapper.cfbundle; includeInIndex = 0; path = EssentialFeedAPIEndToEndTests.xctest; sourceTree = BUILT_PRODUCTS_DIR; };
		02A81D6E2A79DDC000C2B2E5 /* EssentialFeedAPIEndToEndTests.swift */ = {isa = PBXFileReference; lastKnownFileType = sourcecode.swift; path = EssentialFeedAPIEndToEndTests.swift; sourceTree = "<group>"; };
		02C009E82AC522F500F06C7D /* FeedCacheTestHelpers.swift */ = {isa = PBXFileReference; lastKnownFileType = sourcecode.swift; path = FeedCacheTestHelpers.swift; sourceTree = "<group>"; };
		02C009EA2AC5243100F06C7D /* SharedTestHelpers.swift */ = {isa = PBXFileReference; lastKnownFileType = sourcecode.swift; path = SharedTestHelpers.swift; sourceTree = "<group>"; };
		02C1D5E22A6893A10079E5FC /* URLSessionHTTPClientTests.swift */ = {isa = PBXFileReference; lastKnownFileType = sourcecode.swift; path = URLSessionHTTPClientTests.swift; sourceTree = "<group>"; };
		02DED2122AA96F5000F32F0E /* CacheFeedUseCaseTests.swift */ = {isa = PBXFileReference; lastKnownFileType = sourcecode.swift; path = CacheFeedUseCaseTests.swift; sourceTree = "<group>"; };
		02F10E8B2B2B6349000272F6 /* FeedViewController.swift */ = {isa = PBXFileReference; lastKnownFileType = sourcecode.swift; path = FeedViewController.swift; sourceTree = "<group>"; };
		02F10E8D2B2B65E5000272F6 /* FeedImageCell.swift */ = {isa = PBXFileReference; lastKnownFileType = sourcecode.swift; path = FeedImageCell.swift; sourceTree = "<group>"; };
		02F9B5122AC51C4700B307F9 /* ValidateFeedCacheUseCaseTests.swift */ = {isa = PBXFileReference; lastKnownFileType = sourcecode.swift; path = ValidateFeedCacheUseCaseTests.swift; sourceTree = "<group>"; };
		02FA2D3C2AE0BD4E00F8D94B /* CodableFeedStoreTests.swift */ = {isa = PBXFileReference; lastKnownFileType = sourcecode.swift; path = CodableFeedStoreTests.swift; sourceTree = "<group>"; };
/* End PBXFileReference section */

/* Begin PBXFrameworksBuildPhase section */
		02585BA22B2A29EA00D0ECE0 /* Frameworks */ = {
			isa = PBXFrameworksBuildPhase;
			buildActionMask = 2147483647;
			files = (
				028BB57E2B2A579100C03759 /* EssentialFeed.framework in Frameworks */,
			);
			runOnlyForDeploymentPostprocessing = 0;
		};
		02585BA92B2A29EC00D0ECE0 /* Frameworks */ = {
			isa = PBXFrameworksBuildPhase;
			buildActionMask = 2147483647;
			files = (
				02585BAD2B2A29EC00D0ECE0 /* EsseintialFeedIOS.framework in Frameworks */,
			);
			runOnlyForDeploymentPostprocessing = 0;
		};
		02781A4D2A5E324F004D8195 /* Frameworks */ = {
			isa = PBXFrameworksBuildPhase;
			buildActionMask = 2147483647;
			files = (
			);
			runOnlyForDeploymentPostprocessing = 0;
		};
		02781A6E2A5E3A11004D8195 /* Frameworks */ = {
			isa = PBXFrameworksBuildPhase;
			buildActionMask = 2147483647;
			files = (
				02781A752A5E3A11004D8195 /* EssentialFeed.framework in Frameworks */,
			);
			runOnlyForDeploymentPostprocessing = 0;
		};
		028CC4212B29014F00AE225F /* Frameworks */ = {
			isa = PBXFrameworksBuildPhase;
			buildActionMask = 2147483647;
			files = (
				028CC4282B29014F00AE225F /* EssentialFeed.framework in Frameworks */,
			);
			runOnlyForDeploymentPostprocessing = 0;
		};
		02A81D692A79DDC000C2B2E5 /* Frameworks */ = {
			isa = PBXFrameworksBuildPhase;
			buildActionMask = 2147483647;
			files = (
				02A81D702A79DDC000C2B2E5 /* EssentialFeed.framework in Frameworks */,
			);
			runOnlyForDeploymentPostprocessing = 0;
		};
/* End PBXFrameworksBuildPhase section */

/* Begin PBXGroup section */
		0202E4242A67670400BE651C /* FeedApi */ = {
			isa = PBXGroup;
			children = (
				02781A7B2A5E3ACB004D8195 /* RemoteFeedLoaderTests.swift */,
				02C1D5E22A6893A10079E5FC /* URLSessionHTTPClientTests.swift */,
			);
			path = FeedApi;
			sourceTree = "<group>";
		};
		02585BA62B2A29EB00D0ECE0 /* EsseintialFeedIOS */ = {
			isa = PBXGroup;
			children = (
				02F10E8B2B2B6349000272F6 /* FeedViewController.swift */,
				02F10E8D2B2B65E5000272F6 /* FeedImageCell.swift */,
			);
			path = EsseintialFeedIOS;
			sourceTree = "<group>";
		};
		02585BB02B2A29ED00D0ECE0 /* EsseintialFeedIOSTests */ = {
			isa = PBXGroup;
			children = (
				028BB57B2B2A526B00C03759 /* FeedViewControllerTests.swift */,
			);
			path = EsseintialFeedIOSTests;
			sourceTree = "<group>";
		};
		02781A462A5E324F004D8195 = {
			isa = PBXGroup;
			children = (
				028BB57A2B2A3E8A00C03759 /* EssentialFeedAPIEndToEndTests.xctestplan */,
				02585BBA2B2A2AC400D0ECE0 /* EsseintialFeedIOS.xctestplan */,
				0206CBCF2A7B40E50081A424 /* EssentialFeed.xctestplan */,
				028BB5782B2A3CA200C03759 /* EssentialFeedCacheIntegrationTests.xctestplan */,
				029225412A7A1D3C007392F9 /* CI_macOS.xctestplan */,
				028BB5792B2A3D6700C03759 /* EssentialFeedTests.xctestplan */,
				028BB5772B2A3C6500C03759 /* CI_IOS.xctestplan */,
				02781A522A5E324F004D8195 /* EssentialFeed */,
				02781A722A5E3A11004D8195 /* EssentialFeedTests */,
				02A81D6D2A79DDC000C2B2E5 /* EssentialFeedAPIEndToEndTests */,
				028CC4252B29014F00AE225F /* EssentialFeedCacheIntegrationTests */,
				02585BA62B2A29EB00D0ECE0 /* EsseintialFeedIOS */,
				02585BB02B2A29ED00D0ECE0 /* EsseintialFeedIOSTests */,
				02781A512A5E324F004D8195 /* Products */,
				028BB57D2B2A579100C03759 /* Frameworks */,
			);
			sourceTree = "<group>";
		};
		02781A512A5E324F004D8195 /* Products */ = {
			isa = PBXGroup;
			children = (
				02781A502A5E324F004D8195 /* EssentialFeed.framework */,
				02781A712A5E3A11004D8195 /* EssentialFeedTests.xctest */,
				02A81D6C2A79DDC000C2B2E5 /* EssentialFeedAPIEndToEndTests.xctest */,
				028CC4242B29014F00AE225F /* EssentialFeedCacheIntegrationTests.xctest */,
				02585BA52B2A29EA00D0ECE0 /* EsseintialFeedIOS.framework */,
				02585BAC2B2A29EC00D0ECE0 /* EsseintialFeedIOSTests.xctest */,
			);
			name = Products;
			sourceTree = "<group>";
		};
		02781A522A5E324F004D8195 /* EssentialFeed */ = {
			isa = PBXGroup;
			children = (
				02781A532A5E324F004D8195 /* EssentialFeed.h */,
				02876F942AAAD1E100E46E68 /* FeedCache */,
				02781A7D2A5E45D5004D8195 /* FeedApi */,
				02781A5E2A5E3917004D8195 /* FeedFeature */,
			);
			path = EssentialFeed;
			sourceTree = "<group>";
		};
		02781A5E2A5E3917004D8195 /* FeedFeature */ = {
			isa = PBXGroup;
			children = (
				02781A5A2A5E328B004D8195 /* FeedImage.swift */,
				02781A5C2A5E376D004D8195 /* FeedLoader.swift */,
			);
			path = FeedFeature;
			sourceTree = "<group>";
		};
		02781A722A5E3A11004D8195 /* EssentialFeedTests */ = {
			isa = PBXGroup;
			children = (
				0281BB672A78868000A3F3DA /* Helpers */,
				02DED2112AA96F1100F32F0E /* Feed Cache */,
				0202E4242A67670400BE651C /* FeedApi */,
			);
			path = EssentialFeedTests;
			sourceTree = "<group>";
		};
		02781A7D2A5E45D5004D8195 /* FeedApi */ = {
			isa = PBXGroup;
			children = (
				02781A7E2A5E460D004D8195 /* RemoteFeedLoader.swift */,
				0202E4202A675CF700BE651C /* HTTPClient.swift */,
				0202E4222A675D4900BE651C /* FeedItemsMapper.swift */,
				0254495A2A78A188005C6875 /* URLSessionHTTPClient.swift */,
				02876F992AB2AD6C00E46E68 /* RemoteFeedItem.swift */,
			);
			path = FeedApi;
			sourceTree = "<group>";
		};
		0281BB672A78868000A3F3DA /* Helpers */ = {
			isa = PBXGroup;
			children = (
				0281BB652A78864000A3F3DA /* XCTTestCase+MemoryLeakTracker.swift */,
				02C009EA2AC5243100F06C7D /* SharedTestHelpers.swift */,
			);
			path = Helpers;
			sourceTree = "<group>";
		};
		02876F942AAAD1E100E46E68 /* FeedCache */ = {
			isa = PBXGroup;
			children = (
				028CC4172B28FD2700AE225F /* Infrastructure */,
				02876F952AAAD21A00E46E68 /* LocalFeedLoader.swift */,
				02876F972AAAD28300E46E68 /* FeedStore.swift */,
				02876F9B2AB2ADB500E46E68 /* LocalFeedImage.swift */,
				021936802ADE1DB6009B95FF /* FeedCachepolicy.swift */,
			);
			path = FeedCache;
			sourceTree = "<group>";
		};
		02876F9F2AB3F2C000E46E68 /* Helpers */ = {
			isa = PBXGroup;
			children = (
				02876FA02AB3F2DB00E46E68 /* FeedStoreSpy.swift */,
				02C009E82AC522F500F06C7D /* FeedCacheTestHelpers.swift */,
			);
			path = Helpers;
			sourceTree = "<group>";
		};
		028BB57D2B2A579100C03759 /* Frameworks */ = {
			isa = PBXGroup;
			children = (
			);
			name = Frameworks;
			sourceTree = "<group>";
		};
		028CC4172B28FD2700AE225F /* Infrastructure */ = {
			isa = PBXGroup;
			children = (
				028CC4192B28FDD400AE225F /* Codable */,
				028CC4182B28FD4E00AE225F /* CoreData */,
			);
			path = Infrastructure;
			sourceTree = "<group>";
		};
		028CC4182B28FD4E00AE225F /* CoreData */ = {
			isa = PBXGroup;
			children = (
				0292D9FB2B28E52800D7C249 /* CoreDataFeedStore.swift */,
				028CC41A2B28FE3500AE225F /* CoreDataHelpers.swift */,
				0292D9FD2B28EAC800D7C249 /* FeedStore.xcdatamodeld */,
				028CC41C2B28FEAD00AE225F /* ManagedCache.swift */,
				028CC41E2B28FED900AE225F /* ManagedFeedImage.swift */,
			);
			path = CoreData;
			sourceTree = "<group>";
		};
		028CC4192B28FDD400AE225F /* Codable */ = {
			isa = PBXGroup;
			children = (
				0292D9EC2B277C3A00D7C249 /* CodableFeedStore.swift */,
			);
			path = Codable;
			sourceTree = "<group>";
		};
		028CC4252B29014F00AE225F /* EssentialFeedCacheIntegrationTests */ = {
			isa = PBXGroup;
			children = (
				028CC4262B29014F00AE225F /* EssentialFeedCacheIntegrationTests.swift */,
			);
			path = EssentialFeedCacheIntegrationTests;
			sourceTree = "<group>";
		};
		0292D9F42B28D22D00D7C249 /* FeedStoreSpecs */ = {
			isa = PBXGroup;
			children = (
				0292D9EE2B278C7E00D7C249 /* FeedStoreSpecs.swift */,
				0292D9F22B28CF9100D7C249 /* XCTestCase+FeedStoreSpecs.swift */,
				0292D9F52B28D69E00D7C249 /* XCTest+FailableRetrieveFeedStoreSpecs.swift */,
				0292D9F72B28D78200D7C249 /* XCTestCase+FailableInsertFeedStoreSpecs.swift */,
				0292D9F92B28D81700D7C249 /* XCTestCase+FailableDeleteFeedStoreSpecs.swift */,
			);
			path = FeedStoreSpecs;
			sourceTree = "<group>";
		};
		02A81D6D2A79DDC000C2B2E5 /* EssentialFeedAPIEndToEndTests */ = {
			isa = PBXGroup;
			children = (
				02A81D6E2A79DDC000C2B2E5 /* EssentialFeedAPIEndToEndTests.swift */,
			);
			path = EssentialFeedAPIEndToEndTests;
			sourceTree = "<group>";
		};
		02DED2112AA96F1100F32F0E /* Feed Cache */ = {
			isa = PBXGroup;
			children = (
				0292D9F42B28D22D00D7C249 /* FeedStoreSpecs */,
				02876F9F2AB3F2C000E46E68 /* Helpers */,
				02DED2122AA96F5000F32F0E /* CacheFeedUseCaseTests.swift */,
				02876F9D2AB3F1B300E46E68 /* LoadFeedFromCacheUseCaseTest.swift */,
				02F9B5122AC51C4700B307F9 /* ValidateFeedCacheUseCaseTests.swift */,
				02FA2D3C2AE0BD4E00F8D94B /* CodableFeedStoreTests.swift */,
				0292D9F02B28CA5600D7C249 /* CoreDataFeedStoreTests.swift */,
			);
			path = "Feed Cache";
			sourceTree = "<group>";
		};
/* End PBXGroup section */

/* Begin PBXHeadersBuildPhase section */
		02585BA02B2A29EA00D0ECE0 /* Headers */ = {
			isa = PBXHeadersBuildPhase;
			buildActionMask = 2147483647;
			files = (
			);
			runOnlyForDeploymentPostprocessing = 0;
		};
		02781A4B2A5E324F004D8195 /* Headers */ = {
			isa = PBXHeadersBuildPhase;
			buildActionMask = 2147483647;
			files = (
				02781A542A5E324F004D8195 /* EssentialFeed.h in Headers */,
			);
			runOnlyForDeploymentPostprocessing = 0;
		};
/* End PBXHeadersBuildPhase section */

/* Begin PBXNativeTarget section */
		02585BA42B2A29EA00D0ECE0 /* EsseintialFeedIOS */ = {
			isa = PBXNativeTarget;
			buildConfigurationList = 02585BB42B2A29ED00D0ECE0 /* Build configuration list for PBXNativeTarget "EsseintialFeedIOS" */;
			buildPhases = (
				02585BA02B2A29EA00D0ECE0 /* Headers */,
				02585BA12B2A29EA00D0ECE0 /* Sources */,
				02585BA22B2A29EA00D0ECE0 /* Frameworks */,
				02585BA32B2A29EA00D0ECE0 /* Resources */,
			);
			buildRules = (
			);
			dependencies = (
				028BB5812B2A579100C03759 /* PBXTargetDependency */,
			);
			name = EsseintialFeedIOS;
			productName = EsseintialFeedIOS;
			productReference = 02585BA52B2A29EA00D0ECE0 /* EsseintialFeedIOS.framework */;
			productType = "com.apple.product-type.framework";
		};
		02585BAB2B2A29EC00D0ECE0 /* EsseintialFeedIOSTests */ = {
			isa = PBXNativeTarget;
			buildConfigurationList = 02585BB72B2A29ED00D0ECE0 /* Build configuration list for PBXNativeTarget "EsseintialFeedIOSTests" */;
			buildPhases = (
				02585BA82B2A29EC00D0ECE0 /* Sources */,
				02585BA92B2A29EC00D0ECE0 /* Frameworks */,
				02585BAA2B2A29EC00D0ECE0 /* Resources */,
			);
			buildRules = (
			);
			dependencies = (
				02585BAF2B2A29EC00D0ECE0 /* PBXTargetDependency */,
			);
			name = EsseintialFeedIOSTests;
			productName = EsseintialFeedIOSTests;
			productReference = 02585BAC2B2A29EC00D0ECE0 /* EsseintialFeedIOSTests.xctest */;
			productType = "com.apple.product-type.bundle.unit-test";
		};
		02781A4F2A5E324F004D8195 /* EssentialFeed */ = {
			isa = PBXNativeTarget;
			buildConfigurationList = 02781A572A5E324F004D8195 /* Build configuration list for PBXNativeTarget "EssentialFeed" */;
			buildPhases = (
				02781A4B2A5E324F004D8195 /* Headers */,
				02781A4C2A5E324F004D8195 /* Sources */,
				02781A4D2A5E324F004D8195 /* Frameworks */,
				02781A4E2A5E324F004D8195 /* Resources */,
			);
			buildRules = (
			);
			dependencies = (
			);
			name = EssentialFeed;
			productName = EssentialFeed;
			productReference = 02781A502A5E324F004D8195 /* EssentialFeed.framework */;
			productType = "com.apple.product-type.framework";
		};
		02781A702A5E3A11004D8195 /* EssentialFeedTests */ = {
			isa = PBXNativeTarget;
			buildConfigurationList = 02781A782A5E3A11004D8195 /* Build configuration list for PBXNativeTarget "EssentialFeedTests" */;
			buildPhases = (
				02781A6D2A5E3A11004D8195 /* Sources */,
				02781A6E2A5E3A11004D8195 /* Frameworks */,
				02781A6F2A5E3A11004D8195 /* Resources */,
			);
			buildRules = (
			);
			dependencies = (
				02781A772A5E3A11004D8195 /* PBXTargetDependency */,
			);
			name = EssentialFeedTests;
			productName = EssentialFeedTests;
			productReference = 02781A712A5E3A11004D8195 /* EssentialFeedTests.xctest */;
			productType = "com.apple.product-type.bundle.unit-test";
		};
		028CC4232B29014F00AE225F /* EssentialFeedCacheIntegrationTests */ = {
			isa = PBXNativeTarget;
			buildConfigurationList = 028CC42B2B29014F00AE225F /* Build configuration list for PBXNativeTarget "EssentialFeedCacheIntegrationTests" */;
			buildPhases = (
				028CC4202B29014F00AE225F /* Sources */,
				028CC4212B29014F00AE225F /* Frameworks */,
				028CC4222B29014F00AE225F /* Resources */,
			);
			buildRules = (
			);
			dependencies = (
				028CC42A2B29014F00AE225F /* PBXTargetDependency */,
			);
			name = EssentialFeedCacheIntegrationTests;
			productName = EssentialFeedCacheIntegrationTests;
			productReference = 028CC4242B29014F00AE225F /* EssentialFeedCacheIntegrationTests.xctest */;
			productType = "com.apple.product-type.bundle.unit-test";
		};
		02A81D6B2A79DDC000C2B2E5 /* EssentialFeedAPIEndToEndTests */ = {
			isa = PBXNativeTarget;
			buildConfigurationList = 02A81D752A79DDC000C2B2E5 /* Build configuration list for PBXNativeTarget "EssentialFeedAPIEndToEndTests" */;
			buildPhases = (
				02A81D682A79DDC000C2B2E5 /* Sources */,
				02A81D692A79DDC000C2B2E5 /* Frameworks */,
				02A81D6A2A79DDC000C2B2E5 /* Resources */,
			);
			buildRules = (
			);
			dependencies = (
				02A81D722A79DDC000C2B2E5 /* PBXTargetDependency */,
			);
			name = EssentialFeedAPIEndToEndTests;
			productName = EssentialFeedAPIEndToEndTests;
			productReference = 02A81D6C2A79DDC000C2B2E5 /* EssentialFeedAPIEndToEndTests.xctest */;
			productType = "com.apple.product-type.bundle.unit-test";
		};
/* End PBXNativeTarget section */

/* Begin PBXProject section */
		02781A472A5E324F004D8195 /* Project object */ = {
			isa = PBXProject;
			attributes = {
				BuildIndependentTargetsInParallel = 1;
				LastSwiftUpdateCheck = 1510;
				LastUpgradeCheck = 1430;
				TargetAttributes = {
					02585BA42B2A29EA00D0ECE0 = {
						CreatedOnToolsVersion = 15.1;
						LastSwiftMigration = 1510;
					};
					02585BAB2B2A29EC00D0ECE0 = {
						CreatedOnToolsVersion = 15.1;
						LastSwiftMigration = 1510;
					};
					02781A4F2A5E324F004D8195 = {
						CreatedOnToolsVersion = 14.3.1;
						LastSwiftMigration = 1430;
					};
					02781A702A5E3A11004D8195 = {
						CreatedOnToolsVersion = 14.3.1;
					};
					028CC4232B29014F00AE225F = {
						CreatedOnToolsVersion = 15.0;
					};
					02A81D6B2A79DDC000C2B2E5 = {
						CreatedOnToolsVersion = 14.3.1;
					};
				};
			};
			buildConfigurationList = 02781A4A2A5E324F004D8195 /* Build configuration list for PBXProject "EssentialFeed" */;
			compatibilityVersion = "Xcode 14.0";
			developmentRegion = en;
			hasScannedForEncodings = 0;
			knownRegions = (
				en,
				Base,
			);
			mainGroup = 02781A462A5E324F004D8195;
			productRefGroup = 02781A512A5E324F004D8195 /* Products */;
			projectDirPath = "";
			projectRoot = "";
			targets = (
				02781A4F2A5E324F004D8195 /* EssentialFeed */,
				02781A702A5E3A11004D8195 /* EssentialFeedTests */,
				02A81D6B2A79DDC000C2B2E5 /* EssentialFeedAPIEndToEndTests */,
				028CC4232B29014F00AE225F /* EssentialFeedCacheIntegrationTests */,
				02585BA42B2A29EA00D0ECE0 /* EsseintialFeedIOS */,
				02585BAB2B2A29EC00D0ECE0 /* EsseintialFeedIOSTests */,
			);
		};
/* End PBXProject section */

/* Begin PBXResourcesBuildPhase section */
		02585BA32B2A29EA00D0ECE0 /* Resources */ = {
			isa = PBXResourcesBuildPhase;
			buildActionMask = 2147483647;
			files = (
			);
			runOnlyForDeploymentPostprocessing = 0;
		};
		02585BAA2B2A29EC00D0ECE0 /* Resources */ = {
			isa = PBXResourcesBuildPhase;
			buildActionMask = 2147483647;
			files = (
			);
			runOnlyForDeploymentPostprocessing = 0;
		};
		02781A4E2A5E324F004D8195 /* Resources */ = {
			isa = PBXResourcesBuildPhase;
			buildActionMask = 2147483647;
			files = (
			);
			runOnlyForDeploymentPostprocessing = 0;
		};
		02781A6F2A5E3A11004D8195 /* Resources */ = {
			isa = PBXResourcesBuildPhase;
			buildActionMask = 2147483647;
			files = (
			);
			runOnlyForDeploymentPostprocessing = 0;
		};
		028CC4222B29014F00AE225F /* Resources */ = {
			isa = PBXResourcesBuildPhase;
			buildActionMask = 2147483647;
			files = (
			);
			runOnlyForDeploymentPostprocessing = 0;
		};
		02A81D6A2A79DDC000C2B2E5 /* Resources */ = {
			isa = PBXResourcesBuildPhase;
			buildActionMask = 2147483647;
			files = (
			);
			runOnlyForDeploymentPostprocessing = 0;
		};
/* End PBXResourcesBuildPhase section */

/* Begin PBXSourcesBuildPhase section */
		02585BA12B2A29EA00D0ECE0 /* Sources */ = {
			isa = PBXSourcesBuildPhase;
			buildActionMask = 2147483647;
			files = (
				02F10E8C2B2B6349000272F6 /* FeedViewController.swift in Sources */,
				02F10E8E2B2B65E5000272F6 /* FeedImageCell.swift in Sources */,
			);
			runOnlyForDeploymentPostprocessing = 0;
		};
		02585BA82B2A29EC00D0ECE0 /* Sources */ = {
			isa = PBXSourcesBuildPhase;
			buildActionMask = 2147483647;
			files = (
				028BB5832B2A74DF00C03759 /* XCTTestCase+MemoryLeakTracker.swift in Sources */,
				028BB57C2B2A526B00C03759 /* FeedViewControllerTests.swift in Sources */,
			);
			runOnlyForDeploymentPostprocessing = 0;
		};
		02781A4C2A5E324F004D8195 /* Sources */ = {
			isa = PBXSourcesBuildPhase;
			buildActionMask = 2147483647;
			files = (
				028CC41B2B28FE3500AE225F /* CoreDataHelpers.swift in Sources */,
				0202E4232A675D4900BE651C /* FeedItemsMapper.swift in Sources */,
				0292D9ED2B277C3A00D7C249 /* CodableFeedStore.swift in Sources */,
				02781A5D2A5E376D004D8195 /* FeedLoader.swift in Sources */,
				02876F9A2AB2AD6C00E46E68 /* RemoteFeedItem.swift in Sources */,
				02781A7F2A5E460D004D8195 /* RemoteFeedLoader.swift in Sources */,
				0292D9FF2B28EAC800D7C249 /* FeedStore.xcdatamodeld in Sources */,
				02876F9C2AB2ADB500E46E68 /* LocalFeedImage.swift in Sources */,
				02876F982AAAD28300E46E68 /* FeedStore.swift in Sources */,
				02876F962AAAD21A00E46E68 /* LocalFeedLoader.swift in Sources */,
				0202E4212A675CF700BE651C /* HTTPClient.swift in Sources */,
				02781A5B2A5E328B004D8195 /* FeedImage.swift in Sources */,
				0254495B2A78A188005C6875 /* URLSessionHTTPClient.swift in Sources */,
				021936812ADE1DB6009B95FF /* FeedCachepolicy.swift in Sources */,
				028CC41D2B28FEAD00AE225F /* ManagedCache.swift in Sources */,
				0292D9FC2B28E52800D7C249 /* CoreDataFeedStore.swift in Sources */,
				028CC41F2B28FED900AE225F /* ManagedFeedImage.swift in Sources */,
			);
			runOnlyForDeploymentPostprocessing = 0;
		};
		02781A6D2A5E3A11004D8195 /* Sources */ = {
			isa = PBXSourcesBuildPhase;
			buildActionMask = 2147483647;
			files = (
				0292D9F32B28CF9100D7C249 /* XCTestCase+FeedStoreSpecs.swift in Sources */,
				02FA2D3D2AE0BD4E00F8D94B /* CodableFeedStoreTests.swift in Sources */,
				02C009E92AC522F500F06C7D /* FeedCacheTestHelpers.swift in Sources */,
				0292D9F62B28D69E00D7C249 /* XCTest+FailableRetrieveFeedStoreSpecs.swift in Sources */,
				0292D9F12B28CA5600D7C249 /* CoreDataFeedStoreTests.swift in Sources */,
				02F9B5132AC51C4700B307F9 /* ValidateFeedCacheUseCaseTests.swift in Sources */,
				0281BB662A78864000A3F3DA /* XCTTestCase+MemoryLeakTracker.swift in Sources */,
				02781A7C2A5E3ACB004D8195 /* RemoteFeedLoaderTests.swift in Sources */,
				02876FA12AB3F2DB00E46E68 /* FeedStoreSpy.swift in Sources */,
				02C009EB2AC5243100F06C7D /* SharedTestHelpers.swift in Sources */,
				02DED2132AA96F5000F32F0E /* CacheFeedUseCaseTests.swift in Sources */,
				02C1D5E32A6893A10079E5FC /* URLSessionHTTPClientTests.swift in Sources */,
				0292D9FA2B28D81700D7C249 /* XCTestCase+FailableDeleteFeedStoreSpecs.swift in Sources */,
				0292D9EF2B278C7E00D7C249 /* FeedStoreSpecs.swift in Sources */,
				02876F9E2AB3F1B300E46E68 /* LoadFeedFromCacheUseCaseTest.swift in Sources */,
				0292D9F82B28D78200D7C249 /* XCTestCase+FailableInsertFeedStoreSpecs.swift in Sources */,
			);
			runOnlyForDeploymentPostprocessing = 0;
		};
		028CC4202B29014F00AE225F /* Sources */ = {
			isa = PBXSourcesBuildPhase;
			buildActionMask = 2147483647;
			files = (
				022B1DF82B29076D00FCD6D0 /* SharedTestHelpers.swift in Sources */,
				028CC42F2B29060E00AE225F /* XCTTestCase+MemoryLeakTracker.swift in Sources */,
				022B1DF72B29075300FCD6D0 /* FeedCacheTestHelpers.swift in Sources */,
				028CC4272B29014F00AE225F /* EssentialFeedCacheIntegrationTests.swift in Sources */,
			);
			runOnlyForDeploymentPostprocessing = 0;
		};
		02A81D682A79DDC000C2B2E5 /* Sources */ = {
			isa = PBXSourcesBuildPhase;
			buildActionMask = 2147483647;
			files = (
				02A81D762A79E92300C2B2E5 /* XCTTestCase+MemoryLeakTracker.swift in Sources */,
				02A81D6F2A79DDC000C2B2E5 /* EssentialFeedAPIEndToEndTests.swift in Sources */,
			);
			runOnlyForDeploymentPostprocessing = 0;
		};
/* End PBXSourcesBuildPhase section */

/* Begin PBXTargetDependency section */
		02585BAF2B2A29EC00D0ECE0 /* PBXTargetDependency */ = {
			isa = PBXTargetDependency;
			target = 02585BA42B2A29EA00D0ECE0 /* EsseintialFeedIOS */;
			targetProxy = 02585BAE2B2A29EC00D0ECE0 /* PBXContainerItemProxy */;
		};
		02781A772A5E3A11004D8195 /* PBXTargetDependency */ = {
			isa = PBXTargetDependency;
			target = 02781A4F2A5E324F004D8195 /* EssentialFeed */;
			targetProxy = 02781A762A5E3A11004D8195 /* PBXContainerItemProxy */;
		};
		028BB5812B2A579100C03759 /* PBXTargetDependency */ = {
			isa = PBXTargetDependency;
			platformFilter = ios;
			target = 02781A4F2A5E324F004D8195 /* EssentialFeed */;
			targetProxy = 028BB5802B2A579100C03759 /* PBXContainerItemProxy */;
		};
		028CC42A2B29014F00AE225F /* PBXTargetDependency */ = {
			isa = PBXTargetDependency;
			target = 02781A4F2A5E324F004D8195 /* EssentialFeed */;
			targetProxy = 028CC4292B29014F00AE225F /* PBXContainerItemProxy */;
		};
		02A81D722A79DDC000C2B2E5 /* PBXTargetDependency */ = {
			isa = PBXTargetDependency;
			target = 02781A4F2A5E324F004D8195 /* EssentialFeed */;
			targetProxy = 02A81D712A79DDC000C2B2E5 /* PBXContainerItemProxy */;
		};
/* End PBXTargetDependency section */

/* Begin XCBuildConfiguration section */
		02585BB52B2A29ED00D0ECE0 /* Debug */ = {
			isa = XCBuildConfiguration;
			buildSettings = {
				ASSETCATALOG_COMPILER_GENERATE_SWIFT_ASSET_SYMBOL_EXTENSIONS = YES;
				CLANG_ENABLE_MODULES = YES;
				CODE_SIGN_STYLE = Automatic;
				CURRENT_PROJECT_VERSION = 1;
				DEFINES_MODULE = YES;
				DEVELOPMENT_TEAM = P2GURVV2B3;
				DYLIB_COMPATIBILITY_VERSION = 1;
				DYLIB_CURRENT_VERSION = 1;
				DYLIB_INSTALL_NAME_BASE = "@rpath";
				ENABLE_MODULE_VERIFIER = YES;
				ENABLE_USER_SCRIPT_SANDBOXING = YES;
				GCC_C_LANGUAGE_STANDARD = gnu17;
				GENERATE_INFOPLIST_FILE = YES;
				INFOPLIST_KEY_NSHumanReadableCopyright = "";
				INSTALL_PATH = "$(LOCAL_LIBRARY_DIR)/Frameworks";
				IPHONEOS_DEPLOYMENT_TARGET = 17.2;
				LD_RUNPATH_SEARCH_PATHS = (
					"$(inherited)",
					"@executable_path/Frameworks",
					"@loader_path/Frameworks",
				);
				LOCALIZATION_PREFERS_STRING_CATALOGS = YES;
				MARKETING_VERSION = 1.0;
				MODULE_VERIFIER_SUPPORTED_LANGUAGES = "objective-c objective-c++";
				MODULE_VERIFIER_SUPPORTED_LANGUAGE_STANDARDS = "gnu17 gnu++20";
				PRODUCT_BUNDLE_IDENTIFIER = com.yauheni.EsseintialFeedIOS;
				PRODUCT_NAME = "$(TARGET_NAME:c99extidentifier)";
				SDKROOT = iphoneos;
				SKIP_INSTALL = YES;
				SUPPORTED_PLATFORMS = "iphonesimulator iphoneos";
				SWIFT_ACTIVE_COMPILATION_CONDITIONS = "DEBUG $(inherited)";
				SWIFT_EMIT_LOC_STRINGS = YES;
				SWIFT_OPTIMIZATION_LEVEL = "-Onone";
				SWIFT_VERSION = 5.0;
				TARGETED_DEVICE_FAMILY = "1,2";
			};
			name = Debug;
		};
		02585BB62B2A29ED00D0ECE0 /* Release */ = {
			isa = XCBuildConfiguration;
			buildSettings = {
				ASSETCATALOG_COMPILER_GENERATE_SWIFT_ASSET_SYMBOL_EXTENSIONS = YES;
				CLANG_ENABLE_MODULES = YES;
				CODE_SIGN_STYLE = Automatic;
				CURRENT_PROJECT_VERSION = 1;
				DEFINES_MODULE = YES;
				DEVELOPMENT_TEAM = P2GURVV2B3;
				DYLIB_COMPATIBILITY_VERSION = 1;
				DYLIB_CURRENT_VERSION = 1;
				DYLIB_INSTALL_NAME_BASE = "@rpath";
				ENABLE_MODULE_VERIFIER = YES;
				ENABLE_USER_SCRIPT_SANDBOXING = YES;
				GCC_C_LANGUAGE_STANDARD = gnu17;
				GENERATE_INFOPLIST_FILE = YES;
				INFOPLIST_KEY_NSHumanReadableCopyright = "";
				INSTALL_PATH = "$(LOCAL_LIBRARY_DIR)/Frameworks";
				IPHONEOS_DEPLOYMENT_TARGET = 17.2;
				LD_RUNPATH_SEARCH_PATHS = (
					"$(inherited)",
					"@executable_path/Frameworks",
					"@loader_path/Frameworks",
				);
				LOCALIZATION_PREFERS_STRING_CATALOGS = YES;
				MARKETING_VERSION = 1.0;
				MODULE_VERIFIER_SUPPORTED_LANGUAGES = "objective-c objective-c++";
				MODULE_VERIFIER_SUPPORTED_LANGUAGE_STANDARDS = "gnu17 gnu++20";
				PRODUCT_BUNDLE_IDENTIFIER = com.yauheni.EsseintialFeedIOS;
				PRODUCT_NAME = "$(TARGET_NAME:c99extidentifier)";
				SDKROOT = iphoneos;
				SKIP_INSTALL = YES;
				SUPPORTED_PLATFORMS = "iphonesimulator iphoneos";
				SWIFT_EMIT_LOC_STRINGS = YES;
				SWIFT_VERSION = 5.0;
				TARGETED_DEVICE_FAMILY = "1,2";
				VALIDATE_PRODUCT = YES;
			};
			name = Release;
		};
		02585BB82B2A29ED00D0ECE0 /* Debug */ = {
			isa = XCBuildConfiguration;
			buildSettings = {
				ALWAYS_EMBED_SWIFT_STANDARD_LIBRARIES = YES;
				ASSETCATALOG_COMPILER_GENERATE_SWIFT_ASSET_SYMBOL_EXTENSIONS = YES;
				CLANG_ENABLE_MODULES = YES;
				CODE_SIGN_STYLE = Automatic;
				CURRENT_PROJECT_VERSION = 1;
				DEVELOPMENT_TEAM = P2GURVV2B3;
				ENABLE_USER_SCRIPT_SANDBOXING = YES;
				GCC_C_LANGUAGE_STANDARD = gnu17;
				GENERATE_INFOPLIST_FILE = YES;
				IPHONEOS_DEPLOYMENT_TARGET = 17.2;
				LOCALIZATION_PREFERS_STRING_CATALOGS = YES;
				MARKETING_VERSION = 1.0;
				PRODUCT_BUNDLE_IDENTIFIER = com.yauheni.EsseintialFeedIOSTests;
				PRODUCT_NAME = "$(TARGET_NAME)";
				SDKROOT = iphoneos;
				SUPPORTED_PLATFORMS = "iphonesimulator iphoneos";
				SWIFT_ACTIVE_COMPILATION_CONDITIONS = "DEBUG $(inherited)";
				SWIFT_EMIT_LOC_STRINGS = NO;
				SWIFT_OPTIMIZATION_LEVEL = "-Onone";
				SWIFT_VERSION = 5.0;
				TARGETED_DEVICE_FAMILY = "1,2";
			};
			name = Debug;
		};
		02585BB92B2A29ED00D0ECE0 /* Release */ = {
			isa = XCBuildConfiguration;
			buildSettings = {
				ALWAYS_EMBED_SWIFT_STANDARD_LIBRARIES = YES;
				ASSETCATALOG_COMPILER_GENERATE_SWIFT_ASSET_SYMBOL_EXTENSIONS = YES;
				CLANG_ENABLE_MODULES = YES;
				CODE_SIGN_STYLE = Automatic;
				CURRENT_PROJECT_VERSION = 1;
				DEVELOPMENT_TEAM = P2GURVV2B3;
				ENABLE_USER_SCRIPT_SANDBOXING = YES;
				GCC_C_LANGUAGE_STANDARD = gnu17;
				GENERATE_INFOPLIST_FILE = YES;
				IPHONEOS_DEPLOYMENT_TARGET = 17.2;
				LOCALIZATION_PREFERS_STRING_CATALOGS = YES;
				MARKETING_VERSION = 1.0;
				PRODUCT_BUNDLE_IDENTIFIER = com.yauheni.EsseintialFeedIOSTests;
				PRODUCT_NAME = "$(TARGET_NAME)";
				SDKROOT = iphoneos;
				SUPPORTED_PLATFORMS = "iphonesimulator iphoneos";
				SWIFT_EMIT_LOC_STRINGS = NO;
				SWIFT_VERSION = 5.0;
				TARGETED_DEVICE_FAMILY = "1,2";
				VALIDATE_PRODUCT = YES;
			};
			name = Release;
		};
		02781A552A5E324F004D8195 /* Debug */ = {
			isa = XCBuildConfiguration;
			buildSettings = {
				ALWAYS_SEARCH_USER_PATHS = NO;
				CLANG_ANALYZER_NONNULL = YES;
				CLANG_ANALYZER_NUMBER_OBJECT_CONVERSION = YES_AGGRESSIVE;
				CLANG_CXX_LANGUAGE_STANDARD = "gnu++20";
				CLANG_ENABLE_MODULES = YES;
				CLANG_ENABLE_OBJC_ARC = YES;
				CLANG_ENABLE_OBJC_WEAK = YES;
				CLANG_WARN_BLOCK_CAPTURE_AUTORELEASING = YES;
				CLANG_WARN_BOOL_CONVERSION = YES;
				CLANG_WARN_COMMA = YES;
				CLANG_WARN_CONSTANT_CONVERSION = YES;
				CLANG_WARN_DEPRECATED_OBJC_IMPLEMENTATIONS = YES;
				CLANG_WARN_DIRECT_OBJC_ISA_USAGE = YES_ERROR;
				CLANG_WARN_DOCUMENTATION_COMMENTS = YES;
				CLANG_WARN_EMPTY_BODY = YES;
				CLANG_WARN_ENUM_CONVERSION = YES;
				CLANG_WARN_INFINITE_RECURSION = YES;
				CLANG_WARN_INT_CONVERSION = YES;
				CLANG_WARN_NON_LITERAL_NULL_CONVERSION = YES;
				CLANG_WARN_OBJC_IMPLICIT_RETAIN_SELF = YES;
				CLANG_WARN_OBJC_LITERAL_CONVERSION = YES;
				CLANG_WARN_OBJC_ROOT_CLASS = YES_ERROR;
				CLANG_WARN_QUOTED_INCLUDE_IN_FRAMEWORK_HEADER = YES;
				CLANG_WARN_RANGE_LOOP_ANALYSIS = YES;
				CLANG_WARN_STRICT_PROTOTYPES = YES;
				CLANG_WARN_SUSPICIOUS_MOVE = YES;
				CLANG_WARN_UNGUARDED_AVAILABILITY = YES_AGGRESSIVE;
				CLANG_WARN_UNREACHABLE_CODE = YES;
				CLANG_WARN__DUPLICATE_METHOD_MATCH = YES;
				COPY_PHASE_STRIP = NO;
				CURRENT_PROJECT_VERSION = 1;
				DEBUG_INFORMATION_FORMAT = dwarf;
				ENABLE_STRICT_OBJC_MSGSEND = YES;
				ENABLE_TESTABILITY = YES;
				GCC_C_LANGUAGE_STANDARD = gnu11;
				GCC_DYNAMIC_NO_PIC = NO;
				GCC_NO_COMMON_BLOCKS = YES;
				GCC_OPTIMIZATION_LEVEL = 0;
				GCC_PREPROCESSOR_DEFINITIONS = (
					"DEBUG=1",
					"$(inherited)",
				);
				GCC_WARN_64_TO_32_BIT_CONVERSION = YES;
				GCC_WARN_ABOUT_RETURN_TYPE = YES_ERROR;
				GCC_WARN_UNDECLARED_SELECTOR = YES;
				GCC_WARN_UNINITIALIZED_AUTOS = YES_AGGRESSIVE;
				GCC_WARN_UNUSED_FUNCTION = YES;
				GCC_WARN_UNUSED_VARIABLE = YES;
				MACOSX_DEPLOYMENT_TARGET = 13.5;
				MTL_ENABLE_DEBUG_INFO = INCLUDE_SOURCE;
				MTL_FAST_MATH = YES;
				ONLY_ACTIVE_ARCH = YES;
				SDKROOT = macosx;
				SUPPORTED_PLATFORMS = "iphonesimulator iphoneos macosx";
				SWIFT_ACTIVE_COMPILATION_CONDITIONS = DEBUG;
				SWIFT_OPTIMIZATION_LEVEL = "-Onone";
				VERSIONING_SYSTEM = "apple-generic";
				VERSION_INFO_PREFIX = "";
			};
			name = Debug;
		};
		02781A562A5E324F004D8195 /* Release */ = {
			isa = XCBuildConfiguration;
			buildSettings = {
				ALWAYS_SEARCH_USER_PATHS = NO;
				CLANG_ANALYZER_NONNULL = YES;
				CLANG_ANALYZER_NUMBER_OBJECT_CONVERSION = YES_AGGRESSIVE;
				CLANG_CXX_LANGUAGE_STANDARD = "gnu++20";
				CLANG_ENABLE_MODULES = YES;
				CLANG_ENABLE_OBJC_ARC = YES;
				CLANG_ENABLE_OBJC_WEAK = YES;
				CLANG_WARN_BLOCK_CAPTURE_AUTORELEASING = YES;
				CLANG_WARN_BOOL_CONVERSION = YES;
				CLANG_WARN_COMMA = YES;
				CLANG_WARN_CONSTANT_CONVERSION = YES;
				CLANG_WARN_DEPRECATED_OBJC_IMPLEMENTATIONS = YES;
				CLANG_WARN_DIRECT_OBJC_ISA_USAGE = YES_ERROR;
				CLANG_WARN_DOCUMENTATION_COMMENTS = YES;
				CLANG_WARN_EMPTY_BODY = YES;
				CLANG_WARN_ENUM_CONVERSION = YES;
				CLANG_WARN_INFINITE_RECURSION = YES;
				CLANG_WARN_INT_CONVERSION = YES;
				CLANG_WARN_NON_LITERAL_NULL_CONVERSION = YES;
				CLANG_WARN_OBJC_IMPLICIT_RETAIN_SELF = YES;
				CLANG_WARN_OBJC_LITERAL_CONVERSION = YES;
				CLANG_WARN_OBJC_ROOT_CLASS = YES_ERROR;
				CLANG_WARN_QUOTED_INCLUDE_IN_FRAMEWORK_HEADER = YES;
				CLANG_WARN_RANGE_LOOP_ANALYSIS = YES;
				CLANG_WARN_STRICT_PROTOTYPES = YES;
				CLANG_WARN_SUSPICIOUS_MOVE = YES;
				CLANG_WARN_UNGUARDED_AVAILABILITY = YES_AGGRESSIVE;
				CLANG_WARN_UNREACHABLE_CODE = YES;
				CLANG_WARN__DUPLICATE_METHOD_MATCH = YES;
				COPY_PHASE_STRIP = NO;
				CURRENT_PROJECT_VERSION = 1;
				DEBUG_INFORMATION_FORMAT = "dwarf-with-dsym";
				ENABLE_NS_ASSERTIONS = NO;
				ENABLE_STRICT_OBJC_MSGSEND = YES;
				GCC_C_LANGUAGE_STANDARD = gnu11;
				GCC_NO_COMMON_BLOCKS = YES;
				GCC_WARN_64_TO_32_BIT_CONVERSION = YES;
				GCC_WARN_ABOUT_RETURN_TYPE = YES_ERROR;
				GCC_WARN_UNDECLARED_SELECTOR = YES;
				GCC_WARN_UNINITIALIZED_AUTOS = YES_AGGRESSIVE;
				GCC_WARN_UNUSED_FUNCTION = YES;
				GCC_WARN_UNUSED_VARIABLE = YES;
				MACOSX_DEPLOYMENT_TARGET = 13.5;
				MTL_ENABLE_DEBUG_INFO = NO;
				MTL_FAST_MATH = YES;
				SDKROOT = macosx;
				SUPPORTED_PLATFORMS = "iphonesimulator iphoneos macosx";
				SWIFT_COMPILATION_MODE = wholemodule;
				SWIFT_OPTIMIZATION_LEVEL = "-O";
				VERSIONING_SYSTEM = "apple-generic";
				VERSION_INFO_PREFIX = "";
			};
			name = Release;
		};
		02781A582A5E324F004D8195 /* Debug */ = {
			isa = XCBuildConfiguration;
			buildSettings = {
				CLANG_ENABLE_MODULES = YES;
				"CODE_SIGN_IDENTITY[sdk=macosx*]" = "Apple Development";
				CODE_SIGN_STYLE = Automatic;
				COMBINE_HIDPI_IMAGES = YES;
				CURRENT_PROJECT_VERSION = 1;
				DEFINES_MODULE = YES;
				DEVELOPMENT_TEAM = P2GURVV2B3;
				DYLIB_COMPATIBILITY_VERSION = 1;
				DYLIB_CURRENT_VERSION = 1;
				DYLIB_INSTALL_NAME_BASE = "@rpath";
				ENABLE_MODULE_VERIFIER = YES;
				GENERATE_INFOPLIST_FILE = YES;
				INFOPLIST_KEY_NSHumanReadableCopyright = "";
				INSTALL_PATH = "$(LOCAL_LIBRARY_DIR)/Frameworks";
				LD_RUNPATH_SEARCH_PATHS = (
					"$(inherited)",
					"@executable_path/../Frameworks",
					"@loader_path/Frameworks",
				);
				MARKETING_VERSION = 1.0;
				MODULE_VERIFIER_SUPPORTED_LANGUAGES = "objective-c objective-c++";
				MODULE_VERIFIER_SUPPORTED_LANGUAGE_STANDARDS = "gnu11 gnu++20";
				PRODUCT_BUNDLE_IDENTIFIER = com.yauheni.EssentialFeed;
				PRODUCT_NAME = "$(TARGET_NAME:c99extidentifier)";
				SKIP_INSTALL = YES;
				SUPPORTED_PLATFORMS = "macosx iphoneos iphonesimulator";
				SWIFT_EMIT_LOC_STRINGS = YES;
				SWIFT_OPTIMIZATION_LEVEL = "-Onone";
				SWIFT_VERSION = 5.0;
			};
			name = Debug;
		};
		02781A592A5E324F004D8195 /* Release */ = {
			isa = XCBuildConfiguration;
			buildSettings = {
				CLANG_ENABLE_MODULES = YES;
				"CODE_SIGN_IDENTITY[sdk=macosx*]" = "Apple Development";
				CODE_SIGN_STYLE = Automatic;
				COMBINE_HIDPI_IMAGES = YES;
				CURRENT_PROJECT_VERSION = 1;
				DEFINES_MODULE = YES;
				DEVELOPMENT_TEAM = P2GURVV2B3;
				DYLIB_COMPATIBILITY_VERSION = 1;
				DYLIB_CURRENT_VERSION = 1;
				DYLIB_INSTALL_NAME_BASE = "@rpath";
				ENABLE_MODULE_VERIFIER = YES;
				GENERATE_INFOPLIST_FILE = YES;
				INFOPLIST_KEY_NSHumanReadableCopyright = "";
				INSTALL_PATH = "$(LOCAL_LIBRARY_DIR)/Frameworks";
				LD_RUNPATH_SEARCH_PATHS = (
					"$(inherited)",
					"@executable_path/../Frameworks",
					"@loader_path/Frameworks",
				);
				MARKETING_VERSION = 1.0;
				MODULE_VERIFIER_SUPPORTED_LANGUAGES = "objective-c objective-c++";
				MODULE_VERIFIER_SUPPORTED_LANGUAGE_STANDARDS = "gnu11 gnu++20";
				PRODUCT_BUNDLE_IDENTIFIER = com.yauheni.EssentialFeed;
				PRODUCT_NAME = "$(TARGET_NAME:c99extidentifier)";
				SKIP_INSTALL = YES;
				SUPPORTED_PLATFORMS = "macosx iphoneos iphonesimulator";
				SWIFT_EMIT_LOC_STRINGS = YES;
				SWIFT_VERSION = 5.0;
			};
			name = Release;
		};
		02781A792A5E3A11004D8195 /* Debug */ = {
			isa = XCBuildConfiguration;
			buildSettings = {
				CODE_SIGN_STYLE = Automatic;
				CURRENT_PROJECT_VERSION = 1;
				DEVELOPMENT_TEAM = P2GURVV2B3;
				GENERATE_INFOPLIST_FILE = YES;
				MARKETING_VERSION = 1.0;
				PRODUCT_BUNDLE_IDENTIFIER = com.yauheni.EssentialFeedTests;
				PRODUCT_NAME = "$(TARGET_NAME)";
				SWIFT_EMIT_LOC_STRINGS = NO;
				SWIFT_VERSION = 5.0;
			};
			name = Debug;
		};
		02781A7A2A5E3A11004D8195 /* Release */ = {
			isa = XCBuildConfiguration;
			buildSettings = {
				CODE_SIGN_STYLE = Automatic;
				CURRENT_PROJECT_VERSION = 1;
				DEVELOPMENT_TEAM = P2GURVV2B3;
				GENERATE_INFOPLIST_FILE = YES;
				MARKETING_VERSION = 1.0;
				PRODUCT_BUNDLE_IDENTIFIER = com.yauheni.EssentialFeedTests;
				PRODUCT_NAME = "$(TARGET_NAME)";
				SWIFT_EMIT_LOC_STRINGS = NO;
				SWIFT_VERSION = 5.0;
			};
			name = Release;
		};
		028CC42C2B29014F00AE225F /* Debug */ = {
			isa = XCBuildConfiguration;
			buildSettings = {
				ASSETCATALOG_COMPILER_GENERATE_SWIFT_ASSET_SYMBOL_EXTENSIONS = YES;
				CODE_SIGN_STYLE = Automatic;
				CURRENT_PROJECT_VERSION = 1;
				DEVELOPMENT_TEAM = P2GURVV2B3;
				ENABLE_USER_SCRIPT_SANDBOXING = YES;
				GCC_C_LANGUAGE_STANDARD = gnu17;
				GENERATE_INFOPLIST_FILE = YES;
				LOCALIZATION_PREFERS_STRING_CATALOGS = YES;
				MACOSX_DEPLOYMENT_TARGET = 13.5;
				MARKETING_VERSION = 1.0;
				PRODUCT_BUNDLE_IDENTIFIER = com.yauheni.EssentialFeedCacheIntegrationTests;
				PRODUCT_NAME = "$(TARGET_NAME)";
				SWIFT_ACTIVE_COMPILATION_CONDITIONS = "DEBUG $(inherited)";
				SWIFT_EMIT_LOC_STRINGS = NO;
				SWIFT_VERSION = 5.0;
			};
			name = Debug;
		};
		028CC42D2B29014F00AE225F /* Release */ = {
			isa = XCBuildConfiguration;
			buildSettings = {
				ASSETCATALOG_COMPILER_GENERATE_SWIFT_ASSET_SYMBOL_EXTENSIONS = YES;
				CODE_SIGN_STYLE = Automatic;
				CURRENT_PROJECT_VERSION = 1;
				DEVELOPMENT_TEAM = P2GURVV2B3;
				ENABLE_USER_SCRIPT_SANDBOXING = YES;
				GCC_C_LANGUAGE_STANDARD = gnu17;
				GENERATE_INFOPLIST_FILE = YES;
				LOCALIZATION_PREFERS_STRING_CATALOGS = YES;
				MACOSX_DEPLOYMENT_TARGET = 13.5;
				MARKETING_VERSION = 1.0;
				PRODUCT_BUNDLE_IDENTIFIER = com.yauheni.EssentialFeedCacheIntegrationTests;
				PRODUCT_NAME = "$(TARGET_NAME)";
				SWIFT_EMIT_LOC_STRINGS = NO;
				SWIFT_VERSION = 5.0;
			};
			name = Release;
		};
		02A81D732A79DDC000C2B2E5 /* Debug */ = {
			isa = XCBuildConfiguration;
			buildSettings = {
				CODE_SIGN_STYLE = Automatic;
				CURRENT_PROJECT_VERSION = 1;
				DEVELOPMENT_TEAM = P2GURVV2B3;
				GENERATE_INFOPLIST_FILE = YES;
				MARKETING_VERSION = 1.0;
				PRODUCT_BUNDLE_IDENTIFIER = com.yauheni.EssentialFeedAPIEndToEndTests;
				PRODUCT_NAME = "$(TARGET_NAME)";
				SWIFT_EMIT_LOC_STRINGS = NO;
				SWIFT_VERSION = 5.0;
			};
			name = Debug;
		};
		02A81D742A79DDC000C2B2E5 /* Release */ = {
			isa = XCBuildConfiguration;
			buildSettings = {
				CODE_SIGN_STYLE = Automatic;
				CURRENT_PROJECT_VERSION = 1;
				DEVELOPMENT_TEAM = P2GURVV2B3;
				GENERATE_INFOPLIST_FILE = YES;
				MARKETING_VERSION = 1.0;
				PRODUCT_BUNDLE_IDENTIFIER = com.yauheni.EssentialFeedAPIEndToEndTests;
				PRODUCT_NAME = "$(TARGET_NAME)";
				SWIFT_EMIT_LOC_STRINGS = NO;
				SWIFT_VERSION = 5.0;
			};
			name = Release;
		};
/* End XCBuildConfiguration section */

/* Begin XCConfigurationList section */
		02585BB42B2A29ED00D0ECE0 /* Build configuration list for PBXNativeTarget "EsseintialFeedIOS" */ = {
			isa = XCConfigurationList;
			buildConfigurations = (
				02585BB52B2A29ED00D0ECE0 /* Debug */,
				02585BB62B2A29ED00D0ECE0 /* Release */,
			);
			defaultConfigurationIsVisible = 0;
			defaultConfigurationName = Release;
		};
		02585BB72B2A29ED00D0ECE0 /* Build configuration list for PBXNativeTarget "EsseintialFeedIOSTests" */ = {
			isa = XCConfigurationList;
			buildConfigurations = (
				02585BB82B2A29ED00D0ECE0 /* Debug */,
				02585BB92B2A29ED00D0ECE0 /* Release */,
			);
			defaultConfigurationIsVisible = 0;
			defaultConfigurationName = Release;
		};
		02781A4A2A5E324F004D8195 /* Build configuration list for PBXProject "EssentialFeed" */ = {
			isa = XCConfigurationList;
			buildConfigurations = (
				02781A552A5E324F004D8195 /* Debug */,
				02781A562A5E324F004D8195 /* Release */,
			);
			defaultConfigurationIsVisible = 0;
			defaultConfigurationName = Release;
		};
		02781A572A5E324F004D8195 /* Build configuration list for PBXNativeTarget "EssentialFeed" */ = {
			isa = XCConfigurationList;
			buildConfigurations = (
				02781A582A5E324F004D8195 /* Debug */,
				02781A592A5E324F004D8195 /* Release */,
			);
			defaultConfigurationIsVisible = 0;
			defaultConfigurationName = Release;
		};
		02781A782A5E3A11004D8195 /* Build configuration list for PBXNativeTarget "EssentialFeedTests" */ = {
			isa = XCConfigurationList;
			buildConfigurations = (
				02781A792A5E3A11004D8195 /* Debug */,
				02781A7A2A5E3A11004D8195 /* Release */,
			);
			defaultConfigurationIsVisible = 0;
			defaultConfigurationName = Release;
		};
		028CC42B2B29014F00AE225F /* Build configuration list for PBXNativeTarget "EssentialFeedCacheIntegrationTests" */ = {
			isa = XCConfigurationList;
			buildConfigurations = (
				028CC42C2B29014F00AE225F /* Debug */,
				028CC42D2B29014F00AE225F /* Release */,
			);
			defaultConfigurationIsVisible = 0;
			defaultConfigurationName = Release;
		};
		02A81D752A79DDC000C2B2E5 /* Build configuration list for PBXNativeTarget "EssentialFeedAPIEndToEndTests" */ = {
			isa = XCConfigurationList;
			buildConfigurations = (
				02A81D732A79DDC000C2B2E5 /* Debug */,
				02A81D742A79DDC000C2B2E5 /* Release */,
			);
			defaultConfigurationIsVisible = 0;
			defaultConfigurationName = Release;
		};
/* End XCConfigurationList section */

/* Begin XCVersionGroup section */
		0292D9FD2B28EAC800D7C249 /* FeedStore.xcdatamodeld */ = {
			isa = XCVersionGroup;
			children = (
				0292D9FE2B28EAC800D7C249 /* FeedStore.xcdatamodel */,
			);
			currentVersion = 0292D9FE2B28EAC800D7C249 /* FeedStore.xcdatamodel */;
			path = FeedStore.xcdatamodeld;
			sourceTree = "<group>";
			versionGroupType = wrapper.xcdatamodel;
		};
/* End XCVersionGroup section */
	};
	rootObject = 02781A472A5E324F004D8195 /* Project object */;
}
